
Microsoft Visual Studio Solution File, Format Version 12.00
Project("{FAE04EC0-301F-11D3-BF4B-00C04F79EFBC}") = "aoc2018", "aoc2018.csproj", "{55564B0F-8ECA-4176-87E2-CFABD4EA8E6E}"
EndProject
Global
	GlobalSection(SolutionConfigurationPlatforms) = preSolution
		Debug|Any CPU = Debug|Any CPU
		Release|Any CPU = Release|Any CPU
	EndGlobalSection
	GlobalSection(ProjectConfigurationPlatforms) = postSolution
		{55564B0F-8ECA-4176-87E2-CFABD4EA8E6E}.Debug|Any CPU.ActiveCfg = Debug|Any CPU
		{55564B0F-8ECA-4176-87E2-CFABD4EA8E6E}.Debug|Any CPU.Build.0 = Debug|Any CPU
		{55564B0F-8ECA-4176-87E2-CFABD4EA8E6E}.Release|Any CPU.ActiveCfg = Release|Any CPU
		{55564B0F-8ECA-4176-87E2-CFABD4EA8E6E}.Release|Any CPU.Build.0 = Release|Any CPU
	EndGlobalSection
EndGlobal
